
Microsoft Visual Studio Solution File, Format Version 12.00
# Visual Studio 15
VisualStudioVersion = 15.0.27004.2008
MinimumVisualStudioVersion = 10.0.40219.1
Project("{8BC9CEB8-8B4A-11D0-8D11-00A0C91BC942}") = "Task_F1", "Task_F1\Task_F1.vcxproj", "{02E143DC-8FBA-401D-BEBF-21DCEE25A3BD}"
EndProject
Global
	GlobalSection(SolutionConfigurationPlatforms) = preSolution
		Debug|x64 = Debug|x64
		Debug|x86 = Debug|x86
		Release|x64 = Release|x64
		Release|x86 = Release|x86
	EndGlobalSection
	GlobalSection(ProjectConfigurationPlatforms) = postSolution
		{02E143DC-8FBA-401D-BEBF-21DCEE25A3BD}.Debug|x64.ActiveCfg = Debug|x64
		{02E143DC-8FBA-401D-BEBF-21DCEE25A3BD}.Debug|x64.Build.0 = Debug|x64
		{02E143DC-8FBA-401D-BEBF-21DCEE25A3BD}.Debug|x86.ActiveCfg = Debug|Win32
		{02E143DC-8FBA-401D-BEBF-21DCEE25A3BD}.Debug|x86.Build.0 = Debug|Win32
		{02E143DC-8FBA-401D-BEBF-21DCEE25A3BD}.Release|x64.ActiveCfg = Release|x64
		{02E143DC-8FBA-401D-BEBF-21DCEE25A3BD}.Release|x64.Build.0 = Release|x64
		{02E143DC-8FBA-401D-BEBF-21DCEE25A3BD}.Release|x86.ActiveCfg = Release|Win32
		{02E143DC-8FBA-401D-BEBF-21DCEE25A3BD}.Release|x86.Build.0 = Release|Win32
	EndGlobalSection
	GlobalSection(SolutionProperties) = preSolution
		HideSolutionNode = FALSE
	EndGlobalSection
	GlobalSection(ExtensibilityGlobals) = postSolution
		SolutionGuid = {879BAE71-C04B-451D-ABAF-3DFE52DF7E96}
	EndGlobalSection
EndGlobal
